{
  "name": "is-unnull",
  "version": "1.0.0",
  "lockfileVersion": 2,
  "requires": true,
  "packages": {
    "": {
      "name": "is-unnull",
      "version": "1.0.0",
      "license": "MIT",
      "dependencies": {
        "is-null": "^1.0.1"
      }
    },
    "node_modules/is-null": {
      "version": "1.0.1",
      "resolved": "https://registry.npmjs.org/is-null/-/is-null-1.0.1.tgz",
      "integrity": "sha1-BJSFQ4OZrd+NtqPMu7eN+dzf5Ko="
    }
  },
  "dependencies": {
    "is-null": {
      "version": "1.0.1",
      "resolved": "https://registry.npmjs.org/is-null/-/is-null-1.0.1.tgz",
      "integrity": "sha1-BJSFQ4OZrd+NtqPMu7eN+dzf5Ko="
    }
  }
}
